
Microsoft Visual Studio Solution File, Format Version 12.00
# Visual Studio Version 17
VisualStudioVersion = 17.1.32210.238
MinimumVisualStudioVersion = 10.0.40219.1
Project("{2150E333-8FDC-42A3-9474-1A3956D46DE8}") = "Applications", "Applications", "{8553A5B0-3944-47D0-9943-47E5F940D1D9}"
EndProject
Project("{2150E333-8FDC-42A3-9474-1A3956D46DE8}") = "DataLayer", "DataLayer", "{CFF94881-B040-4DDE-9948-AB208493837B}"
EndProject
Project("{2150E333-8FDC-42A3-9474-1A3956D46DE8}") = "ServicesLayer", "ServicesLayer", "{513C1082-368D-41D2-BB9C-F560AF8452E7}"
EndProject
Project("{9A19103F-16F7-4668-BE54-9A1E7A4F7556}") = "APIGateway", "APIGateway\APIGateway.csproj", "{6067D67E-7543-4725-B455-D1055A102E1B}"
EndProject
Project("{9A19103F-16F7-4668-BE54-9A1E7A4F7556}") = "Models", "Models\Models.csproj", "{0A840682-A62E-4196-8EFB-F0A510069893}"
EndProject
Project("{9A19103F-16F7-4668-BE54-9A1E7A4F7556}") = "Authentication", "Authentication\Authentication.csproj", "{8DA13B9E-3815-44F3-BCA1-A51023C9C789}"
EndProject
Project("{9A19103F-16F7-4668-BE54-9A1E7A4F7556}") = "Logging", "Logging\Logging.csproj", "{6DE8927A-37B4-48E6-B21F-3D769EA4A404}"
EndProject
Project("{9A19103F-16F7-4668-BE54-9A1E7A4F7556}") = "UserManagement", "UserManagement\UserManagement.csproj", "{99B07012-BCEB-4BA6-88C5-20D85B3F8874}"
EndProject
Project("{9A19103F-16F7-4668-BE54-9A1E7A4F7556}") = "RepositoryLayer", "RepositoryLayer\RepositoryLayer.csproj", "{9F55A08B-2B7E-4BB3-B9AE-3A461B2846D1}"
EndProject
Project("{2150E333-8FDC-42A3-9474-1A3956D46DE8}") = "RepositoryLayer", "RepositoryLayer", "{A92AEB59-9249-4C0E-82A2-FD36EA152ED1}"
EndProject
Project("{9A19103F-16F7-4668-BE54-9A1E7A4F7556}") = "Setup", "Setup\Setup.csproj", "{7D9C953F-0F8B-4A5B-B252-7B85FD6E158A}"
EndProject
Project("{9A19103F-16F7-4668-BE54-9A1E7A4F7556}") = "SharedLib", "SharedLib\SharedLib.csproj", "{584B752A-3319-4E6D-94BE-D2CA4279441A}"
EndProject
Project("{9A19103F-16F7-4668-BE54-9A1E7A4F7556}") = "Admin", "Admin\Admin.csproj", "{AB6876F5-0AB8-4864-A8E6-AD377FEE146C}"
EndProject
Project("{9A19103F-16F7-4668-BE54-9A1E7A4F7556}") = "Person", "Person\Person.csproj", "{BAD1E84C-67F7-46A3-9B50-D5F91766D15F}"
EndProject
Global
	GlobalSection(SolutionConfigurationPlatforms) = preSolution
		Debug|Any CPU = Debug|Any CPU
		Release|Any CPU = Release|Any CPU
	EndGlobalSection
	GlobalSection(ProjectConfigurationPlatforms) = postSolution
		{6067D67E-7543-4725-B455-D1055A102E1B}.Debug|Any CPU.ActiveCfg = Debug|Any CPU
		{6067D67E-7543-4725-B455-D1055A102E1B}.Debug|Any CPU.Build.0 = Debug|Any CPU
		{6067D67E-7543-4725-B455-D1055A102E1B}.Release|Any CPU.ActiveCfg = Release|Any CPU
		{6067D67E-7543-4725-B455-D1055A102E1B}.Release|Any CPU.Build.0 = Release|Any CPU
		{0A840682-A62E-4196-8EFB-F0A510069893}.Debug|Any CPU.ActiveCfg = Debug|Any CPU
		{0A840682-A62E-4196-8EFB-F0A510069893}.Debug|Any CPU.Build.0 = Debug|Any CPU
		{0A840682-A62E-4196-8EFB-F0A510069893}.Release|Any CPU.ActiveCfg = Release|Any CPU
		{0A840682-A62E-4196-8EFB-F0A510069893}.Release|Any CPU.Build.0 = Release|Any CPU
		{8DA13B9E-3815-44F3-BCA1-A51023C9C789}.Debug|Any CPU.ActiveCfg = Debug|Any CPU
		{8DA13B9E-3815-44F3-BCA1-A51023C9C789}.Debug|Any CPU.Build.0 = Debug|Any CPU
		{8DA13B9E-3815-44F3-BCA1-A51023C9C789}.Release|Any CPU.ActiveCfg = Release|Any CPU
		{8DA13B9E-3815-44F3-BCA1-A51023C9C789}.Release|Any CPU.Build.0 = Release|Any CPU
		{6DE8927A-37B4-48E6-B21F-3D769EA4A404}.Debug|Any CPU.ActiveCfg = Debug|Any CPU
		{6DE8927A-37B4-48E6-B21F-3D769EA4A404}.Debug|Any CPU.Build.0 = Debug|Any CPU
		{6DE8927A-37B4-48E6-B21F-3D769EA4A404}.Release|Any CPU.ActiveCfg = Release|Any CPU
		{6DE8927A-37B4-48E6-B21F-3D769EA4A404}.Release|Any CPU.Build.0 = Release|Any CPU
		{99B07012-BCEB-4BA6-88C5-20D85B3F8874}.Debug|Any CPU.ActiveCfg = Debug|Any CPU
		{99B07012-BCEB-4BA6-88C5-20D85B3F8874}.Debug|Any CPU.Build.0 = Debug|Any CPU
		{99B07012-BCEB-4BA6-88C5-20D85B3F8874}.Release|Any CPU.ActiveCfg = Release|Any CPU
		{99B07012-BCEB-4BA6-88C5-20D85B3F8874}.Release|Any CPU.Build.0 = Release|Any CPU
		{9F55A08B-2B7E-4BB3-B9AE-3A461B2846D1}.Debug|Any CPU.ActiveCfg = Debug|Any CPU
		{9F55A08B-2B7E-4BB3-B9AE-3A461B2846D1}.Debug|Any CPU.Build.0 = Debug|Any CPU
		{9F55A08B-2B7E-4BB3-B9AE-3A461B2846D1}.Release|Any CPU.ActiveCfg = Release|Any CPU
		{9F55A08B-2B7E-4BB3-B9AE-3A461B2846D1}.Release|Any CPU.Build.0 = Release|Any CPU
		{7D9C953F-0F8B-4A5B-B252-7B85FD6E158A}.Debug|Any CPU.ActiveCfg = Debug|Any CPU
		{7D9C953F-0F8B-4A5B-B252-7B85FD6E158A}.Debug|Any CPU.Build.0 = Debug|Any CPU
		{7D9C953F-0F8B-4A5B-B252-7B85FD6E158A}.Release|Any CPU.ActiveCfg = Release|Any CPU
		{7D9C953F-0F8B-4A5B-B252-7B85FD6E158A}.Release|Any CPU.Build.0 = Release|Any CPU
		{584B752A-3319-4E6D-94BE-D2CA4279441A}.Debug|Any CPU.ActiveCfg = Debug|Any CPU
		{584B752A-3319-4E6D-94BE-D2CA4279441A}.Debug|Any CPU.Build.0 = Debug|Any CPU
		{584B752A-3319-4E6D-94BE-D2CA4279441A}.Release|Any CPU.ActiveCfg = Release|Any CPU
		{584B752A-3319-4E6D-94BE-D2CA4279441A}.Release|Any CPU.Build.0 = Release|Any CPU
		{AB6876F5-0AB8-4864-A8E6-AD377FEE146C}.Debug|Any CPU.ActiveCfg = Debug|Any CPU
		{AB6876F5-0AB8-4864-A8E6-AD377FEE146C}.Debug|Any CPU.Build.0 = Debug|Any CPU
		{AB6876F5-0AB8-4864-A8E6-AD377FEE146C}.Release|Any CPU.ActiveCfg = Release|Any CPU
		{AB6876F5-0AB8-4864-A8E6-AD377FEE146C}.Release|Any CPU.Build.0 = Release|Any CPU
		{BAD1E84C-67F7-46A3-9B50-D5F91766D15F}.Debug|Any CPU.ActiveCfg = Debug|Any CPU
		{BAD1E84C-67F7-46A3-9B50-D5F91766D15F}.Debug|Any CPU.Build.0 = Debug|Any CPU
		{BAD1E84C-67F7-46A3-9B50-D5F91766D15F}.Release|Any CPU.ActiveCfg = Release|Any CPU
		{BAD1E84C-67F7-46A3-9B50-D5F91766D15F}.Release|Any CPU.Build.0 = Release|Any CPU
	EndGlobalSection
	GlobalSection(SolutionProperties) = preSolution
		HideSolutionNode = FALSE
	EndGlobalSection
	GlobalSection(NestedProjects) = preSolution
		{6067D67E-7543-4725-B455-D1055A102E1B} = {8553A5B0-3944-47D0-9943-47E5F940D1D9}
		{0A840682-A62E-4196-8EFB-F0A510069893} = {CFF94881-B040-4DDE-9948-AB208493837B}
		{8DA13B9E-3815-44F3-BCA1-A51023C9C789} = {513C1082-368D-41D2-BB9C-F560AF8452E7}
		{6DE8927A-37B4-48E6-B21F-3D769EA4A404} = {513C1082-368D-41D2-BB9C-F560AF8452E7}
		{99B07012-BCEB-4BA6-88C5-20D85B3F8874} = {513C1082-368D-41D2-BB9C-F560AF8452E7}
		{9F55A08B-2B7E-4BB3-B9AE-3A461B2846D1} = {A92AEB59-9249-4C0E-82A2-FD36EA152ED1}
		{7D9C953F-0F8B-4A5B-B252-7B85FD6E158A} = {513C1082-368D-41D2-BB9C-F560AF8452E7}
		{584B752A-3319-4E6D-94BE-D2CA4279441A} = {513C1082-368D-41D2-BB9C-F560AF8452E7}
		{AB6876F5-0AB8-4864-A8E6-AD377FEE146C} = {513C1082-368D-41D2-BB9C-F560AF8452E7}
		{BAD1E84C-67F7-46A3-9B50-D5F91766D15F} = {513C1082-368D-41D2-BB9C-F560AF8452E7}
	EndGlobalSection
	GlobalSection(ExtensibilityGlobals) = postSolution
		SolutionGuid = {8FAE49A9-0A8F-4BD9-B0D9-F728BF1F4EE0}
	EndGlobalSection
EndGlobal
